
Microsoft Visual Studio Solution File, Format Version 12.00
# Visual Studio Version 17
VisualStudioVersion = 17.6.33829.357
MinimumVisualStudioVersion = 10.0.40219.1
Project("{FAE04EC0-301F-11D3-BF4B-00C04F79EFBC}") = "InstnwndOFC", "InstnwndOFC\InstnwndOFC.csproj", "{8335CD21-FAB2-4431-B7BE-DE39F8677A38}"
EndProject
Global
	GlobalSection(SolutionConfigurationPlatforms) = preSolution
		Debug|Any CPU = Debug|Any CPU
		Release|Any CPU = Release|Any CPU
	EndGlobalSection
	GlobalSection(ProjectConfigurationPlatforms) = postSolution
		{8335CD21-FAB2-4431-B7BE-DE39F8677A38}.Debug|Any CPU.ActiveCfg = Debug|Any CPU
		{8335CD21-FAB2-4431-B7BE-DE39F8677A38}.Debug|Any CPU.Build.0 = Debug|Any CPU
		{8335CD21-FAB2-4431-B7BE-DE39F8677A38}.Release|Any CPU.ActiveCfg = Release|Any CPU
		{8335CD21-FAB2-4431-B7BE-DE39F8677A38}.Release|Any CPU.Build.0 = Release|Any CPU
	EndGlobalSection
	GlobalSection(SolutionProperties) = preSolution
		HideSolutionNode = FALSE
	EndGlobalSection
	GlobalSection(ExtensibilityGlobals) = postSolution
		SolutionGuid = {726210B2-AB2E-49DD-A111-6F79C961571A}
	EndGlobalSection
EndGlobal
